github.com/donomii/glim v0.0.0-20220916232353-993eca43a643 h1:e9MXtS3pDhwQpf8GZrQPLST3nb0HcDCIeEkEN4GFImk=
github.com/donomii/glim v0.0.0-20220916232353-993eca43a643/go.mod h1:QE1m+/9YQMdf+gHFOomRGkKpzOXfoSdD5cxKvOpyLeY=
github.com/donomii/goof v0.0.0-20241124064022-84f417f466df h1:E7wMk63HGHhk5wzNRDkwnckq1aFXDRXeZNfuJQf/NVE=
github.com/donomii/goof v0.0.0-20241124064022-84f417f466df/go.mod h1:ZgIjtvUfBzQ+0aQmB+UWVb2fhB0HmbFwu76laXvZLAY=
github.com/donomii/sceneCamera v0.0.0-20240901215601-f889bb9815ef h1:/0LphedJZQrzM083FpqT9hyTB4/W2O/oVqA3CecleS4=
github.com/donomii/sceneCamera v0.0.0-20240901215601-f889bb9815ef/go.mod h1:WJZjf6tsiOf5/YCBdut5KO7uJ3d9wuIBmA2djNq3utk=
github.com/go-gl/gl v0.0.0-20231021071112-07e5d0ea2e71 h1:5BVwOaUSBTlVZowGO6VZGw2H/zl9nrd3eCZfYV+NfQA=
github.com/go-gl/gl v0.0.0-20231021071112-07e5d0ea2e71/go.mod h1:9YTyiznxEY1fVinfM7RvRcjRHbw2xLBJ3AAGIT0I4Nw=
github.com/go-gl/glfw/v3.3/glfw v0.0.0-20250301202403-da16c1255728 h1:RkGhqHxEVAvPM0/R+8g7XRwQnHatO0KAuVcwHo8q9W8=
github.com/go-gl/glfw/v3.3/glfw v0.0.0-20250301202403-da16c1255728/go.mod h1:SyRD8YfuKk+ZXlDqYiqe1qMSqjNgtHzBTG810KUagMc=
github.com/go-gl/mathgl v1.2.0 h1:v2eOj/y1B2afDxF6URV1qCYmo1KW08lAMtTbOn3KXCY=
github.com/go-gl/mathgl v1.2.0/go.mod h1:pf9+b5J3LFP7iZ4XXaVzZrCle0Q/vNpB/vDe5+3ulRE=
github.com/golang/freetype v0.0.0-20170609003504-e2365dfdc4a0 h1:DACJavvAHhabrF08vX0COfcOBJRhZ8lUbR+ZWIs0Y5g=
github.com/golang/freetype v0.0.0-20170609003504-e2365dfdc4a0/go.mod h1:E/TSTwGwJL78qG/PmXZO1EjYhfJinVAhrmmHX6Z8B9k=
github.com/kardianos/osext v0.0.0-20190222173326-2bc1f35cddc0 h1:iQTw/8FWTuc7uiaSepXwyf3o52HaUYcV+Tu66S3F5GA=
github.com/kardianos/osext v0.0.0-20190222173326-2bc1f35cddc0/go.mod h1:1NbS8ALrpOvjt0rHPNLyCIeMtbizbir8U//inJ+zuB8=
github.com/mattn/go-shellwords v1.0.12 h1:M2zGm7EW6UQJvDeQxo4T51eKPurbeFbe8WtebGE2xrk=
github.com/mattn/go-shellwords v1.0.12/go.mod h1:EZzvwXDESEeg03EKmM+RmDnNOPKG4lLtQsUlTZDWQ8Y=
gitlab.com/donomii/wasm-lsystem v0.0.0-20231203215631-a38cfdcf19e8 h1:kmiLXkE5wsJbWBNfvfD/uwxPSNdlluuyxdXR3gRUnJw=
gitlab.com/donomii/wasm-lsystem v0.0.0-20231203215631-a38cfdcf19e8/go.mod h1:gi9JJOvdXtur5gCZqNGRawVheGMRCLbmWgBy7WjlERE=
golang.org/x/image v0.34.0 h1:33gCkyw9hmwbZJeZkct8XyR11yH889EQt/QH4VmXMn8=
golang.org/x/image v0.34.0/go.mod h1:2RNFBZRB+vnwwFil8GkMdRvrJOFd1AzdZI6vOY+eJVU=
golang.org/x/mobile v0.0.0-20251209145715-2553ed8ce294 h1:Cr6kbEvA6nqvdHynE4CtVKlqpZB9dS1Jva/6IsHA19g=
golang.org/x/mobile v0.0.0-20251209145715-2553ed8ce294/go.mod h1:RdZ+3sb4CVgpCFnzv+I4haEpwqFfsfzlLHs3L7ok+e0=
